// !$*UTF8*$!
{
	archiveVersion = 1;
	classes = {
	};
	objectVersion = 46;
	objects = {

/* Begin PBXBuildFile section */
		26348ECB1DF2E5A40037E219 /* main.m in Sources */ = {isa = PBXBuildFile; fileRef = 26348ECA1DF2E5A40037E219 /* main.m */; };
		26348ECE1DF2E5A40037E219 /* AppDelegate.m in Sources */ = {isa = PBXBuildFile; fileRef = 26348ECD1DF2E5A40037E219 /* AppDelegate.m */; };
		26348ED11DF2E5A40037E219 /* ViewController.m in Sources */ = {isa = PBXBuildFile; fileRef = 26348ED01DF2E5A40037E219 /* ViewController.m */; };
		26348ED41DF2E5A40037E219 /* Main.storyboard in Resources */ = {isa = PBXBuildFile; fileRef = 26348ED21DF2E5A40037E219 /* Main.storyboard */; };
		26348ED61DF2E5A40037E219 /* Assets.xcassets in Resources */ = {isa = PBXBuildFile; fileRef = 26348ED51DF2E5A40037E219 /* Assets.xcassets */; };
		26348ED91DF2E5A40037E219 /* LaunchScreen.storyboard in Resources */ = {isa = PBXBuildFile; fileRef = 26348ED71DF2E5A40037E219 /* LaunchScreen.storyboard */; };
		26348EE21DF2E5C10037E219 /* TimeStageSelectWindow.m in Sources */ = {isa = PBXBuildFile; fileRef = 26348EE11DF2E5C10037E219 /* TimeStageSelectWindow.m */; };
		26348EF51DF2E6530037E219 /* TableViewHeaderView.m in Sources */ = {isa = PBXBuildFile; fileRef = 26348EE61DF2E6530037E219 /* TableViewHeaderView.m */; };
		26348EF61DF2E6530037E219 /* LeftTableViewCell.m in Sources */ = {isa = PBXBuildFile; fileRef = 26348EE81DF2E6530037E219 /* LeftTableViewCell.m */; };
		26348EF71DF2E6530037E219 /* RightTableViewCell.m in Sources */ = {isa = PBXBuildFile; fileRef = 26348EEA1DF2E6530037E219 /* RightTableViewCell.m */; };
		26348EF81DF2E6530037E219 /* CategoryModel.m in Sources */ = {isa = PBXBuildFile; fileRef = 26348EEC1DF2E6530037E219 /* CategoryModel.m */; };
		26348EF91DF2E6530037E219 /* SigleModel.m in Sources */ = {isa = PBXBuildFile; fileRef = 26348EEE1DF2E6530037E219 /* SigleModel.m */; };
		26348EFA1DF2E6530037E219 /* FoodModel.m in Sources */ = {isa = PBXBuildFile; fileRef = 26348EF01DF2E6530037E219 /* FoodModel.m */; };
		26348EFB1DF2E6530037E219 /* ShoppingCarPopView.m in Sources */ = {isa = PBXBuildFile; fileRef = 26348EF21DF2E6530037E219 /* ShoppingCarPopView.m */; };
		26348EFC1DF2E6530037E219 /* ShoppingCarcell.m in Sources */ = {isa = PBXBuildFile; fileRef = 26348EF41DF2E6530037E219 /* ShoppingCarcell.m */; };
		26348EFF1DF2E6840037E219 /* NSObject+Color.m in Sources */ = {isa = PBXBuildFile; fileRef = 26348EFE1DF2E6840037E219 /* NSObject+Color.m */; };
/* End PBXBuildFile section */

/* Begin PBXFileReference section */
		26348EC61DF2E5A40037E219 /* Demo.app */ = {isa = PBXFileReference; explicitFileType = wrapper.application; includeInIndex = 0; path = Demo.app; sourceTree = BUILT_PRODUCTS_DIR; };
		26348ECA1DF2E5A40037E219 /* main.m */ = {isa = PBXFileReference; lastKnownFileType = sourcecode.c.objc; path = main.m; sourceTree = "<group>"; };
		26348ECC1DF2E5A40037E219 /* AppDelegate.h */ = {isa = PBXFileReference; lastKnownFileType = sourcecode.c.h; path = AppDelegate.h; sourceTree = "<group>"; };
		26348ECD1DF2E5A40037E219 /* AppDelegate.m */ = {isa = PBXFileReference; lastKnownFileType = sourcecode.c.objc; path = AppDelegate.m; sourceTree = "<group>"; };
		26348ECF1DF2E5A40037E219 /* ViewController.h */ = {isa = PBXFileReference; lastKnownFileType = sourcecode.c.h; path = ViewController.h; sourceTree = "<group>"; };
		26348ED01DF2E5A40037E219 /* ViewController.m */ = {isa = PBXFileReference; lastKnownFileType = sourcecode.c.objc; path = ViewController.m; sourceTree = "<group>"; };
		26348ED31DF2E5A40037E219 /* Base */ = {isa = PBXFileReference; lastKnownFileType = file.storyboard; name = Base; path = Base.lproj/Main.storyboard; sourceTree = "<group>"; };
		26348ED51DF2E5A40037E219 /* Assets.xcassets */ = {isa = PBXFileReference; lastKnownFileType = folder.assetcatalog; path = Assets.xcassets; sourceTree = "<group>"; };
		26348ED81DF2E5A40037E219 /* Base */ = {isa = PBXFileReference; lastKnownFileType = file.storyboard; name = Base; path = Base.lproj/LaunchScreen.storyboard; sourceTree = "<group>"; };
		26348EDA1DF2E5A40037E219 /* Info.plist */ = {isa = PBXFileReference; lastKnownFileType = text.plist.xml; path = Info.plist; sourceTree = "<group>"; };
		26348EE01DF2E5C10037E219 /* TimeStageSelectWindow.h */ = {isa = PBXFileReference; fileEncoding = 4; lastKnownFileType = sourcecode.c.h; path = TimeStageSelectWindow.h; sourceTree = "<group>"; };
		26348EE11DF2E5C10037E219 /* TimeStageSelectWindow.m */ = {isa = PBXFileReference; fileEncoding = 4; lastKnownFileType = sourcecode.c.objc; path = TimeStageSelectWindow.m; sourceTree = "<group>"; };
		26348EE51DF2E6530037E219 /* TableViewHeaderView.h */ = {isa = PBXFileReference; fileEncoding = 4; lastKnownFileType = sourcecode.c.h; path = TableViewHeaderView.h; sourceTree = "<group>"; };
		26348EE61DF2E6530037E219 /* TableViewHeaderView.m */ = {isa = PBXFileReference; fileEncoding = 4; lastKnownFileType = sourcecode.c.objc; path = TableViewHeaderView.m; sourceTree = "<group>"; };
		26348EE71DF2E6530037E219 /* LeftTableViewCell.h */ = {isa = PBXFileReference; fileEncoding = 4; lastKnownFileType = sourcecode.c.h; path = LeftTableViewCell.h; sourceTree = "<group>"; };
		26348EE81DF2E6530037E219 /* LeftTableViewCell.m */ = {isa = PBXFileReference; fileEncoding = 4; lastKnownFileType = sourcecode.c.objc; path = LeftTableViewCell.m; sourceTree = "<group>"; };
		26348EE91DF2E6530037E219 /* RightTableViewCell.h */ = {isa = PBXFileReference; fileEncoding = 4; lastKnownFileType = sourcecode.c.h; path = RightTableViewCell.h; sourceTree = "<group>"; };
		26348EEA1DF2E6530037E219 /* RightTableViewCell.m */ = {isa = PBXFileReference; fileEncoding = 4; lastKnownFileType = sourcecode.c.objc; path = RightTableViewCell.m; sourceTree = "<group>"; };
		26348EEB1DF2E6530037E219 /* CategoryModel.h */ = {isa = PBXFileReference; fileEncoding = 4; lastKnownFileType = sourcecode.c.h; path = CategoryModel.h; sourceTree = "<group>"; };
		26348EEC1DF2E6530037E219 /* CategoryModel.m */ = {isa = PBXFileReference; fileEncoding = 4; lastKnownFileType = sourcecode.c.objc; path = CategoryModel.m; sourceTree = "<group>"; };
		26348EED1DF2E6530037E219 /* SigleModel.h */ = {isa = PBXFileReference; fileEncoding = 4; lastKnownFileType = sourcecode.c.h; path = SigleModel.h; sourceTree = "<group>"; };
		26348EEE1DF2E6530037E219 /* SigleModel.m */ = {isa = PBXFileReference; fileEncoding = 4; lastKnownFileType = sourcecode.c.objc; path = SigleModel.m; sourceTree = "<group>"; };
		26348EEF1DF2E6530037E219 /* FoodModel.h */ = {isa = PBXFileReference; fileEncoding = 4; lastKnownFileType = sourcecode.c.h; path = FoodModel.h; sourceTree = "<group>"; };
		26348EF01DF2E6530037E219 /* FoodModel.m */ = {isa = PBXFileReference; fileEncoding = 4; lastKnownFileType = sourcecode.c.objc; path = FoodModel.m; sourceTree = "<group>"; };
		26348EF11DF2E6530037E219 /* ShoppingCarPopView.h */ = {isa = PBXFileReference; fileEncoding = 4; lastKnownFileType = sourcecode.c.h; path = ShoppingCarPopView.h; sourceTree = "<group>"; };
		26348EF21DF2E6530037E219 /* ShoppingCarPopView.m */ = {isa = PBXFileReference; fileEncoding = 4; lastKnownFileType = sourcecode.c.objc; path = ShoppingCarPopView.m; sourceTree = "<group>"; };
		26348EF31DF2E6530037E219 /* ShoppingCarcell.h */ = {isa = PBXFileReference; fileEncoding = 4; lastKnownFileType = sourcecode.c.h; path = ShoppingCarcell.h; sourceTree = "<group>"; };
		26348EF41DF2E6530037E219 /* ShoppingCarcell.m */ = {isa = PBXFileReference; fileEncoding = 4; lastKnownFileType = sourcecode.c.objc; path = ShoppingCarcell.m; sourceTree = "<group>"; };
		26348EFD1DF2E6840037E219 /* NSObject+Color.h */ = {isa = PBXFileReference; fileEncoding = 4; lastKnownFileType = sourcecode.c.h; path = "NSObject+Color.h"; sourceTree = "<group>"; };
		26348EFE1DF2E6840037E219 /* NSObject+Color.m */ = {isa = PBXFileReference; fileEncoding = 4; lastKnownFileType = sourcecode.c.objc; path = "NSObject+Color.m"; sourceTree = "<group>"; };
/* End PBXFileReference section */

/* Begin PBXFrameworksBuildPhase section */
		26348EC31DF2E5A40037E219 /* Frameworks */ = {
			isa = PBXFrameworksBuildPhase;
			buildActionMask = 2147483647;
			files = (
			);
			runOnlyForDeploymentPostprocessing = 0;
		};
/* End PBXFrameworksBuildPhase section */

/* Begin PBXGroup section */
		26348EBD1DF2E5A40037E219 = {
			isa = PBXGroup;
			children = (
				26348EC81DF2E5A40037E219 /* Demo */,
				26348EC71DF2E5A40037E219 /* Products */,
			);
			sourceTree = "<group>";
		};
		26348EC71DF2E5A40037E219 /* Products */ = {
			isa = PBXGroup;
			children = (
				26348EC61DF2E5A40037E219 /* Demo.app */,
			);
			name = Products;
			sourceTree = "<group>";
		};
		26348EC81DF2E5A40037E219 /* Demo */ = {
			isa = PBXGroup;
			children = (
				26348EE41DF2E5E80037E219 /* 购物车及商品 */,
				26348EE31DF2E5D20037E219 /* 智能时间选择器 */,
				26348ECC1DF2E5A40037E219 /* AppDelegate.h */,
				26348ECD1DF2E5A40037E219 /* AppDelegate.m */,
				26348ECF1DF2E5A40037E219 /* ViewController.h */,
				26348ED01DF2E5A40037E219 /* ViewController.m */,
				26348ED21DF2E5A40037E219 /* Main.storyboard */,
				26348ED51DF2E5A40037E219 /* Assets.xcassets */,
				26348ED71DF2E5A40037E219 /* LaunchScreen.storyboard */,
				26348EDA1DF2E5A40037E219 /* Info.plist */,
				26348EC91DF2E5A40037E219 /* Supporting Files */,
			);
			path = Demo;
			sourceTree = "<group>";
		};
		26348EC91DF2E5A40037E219 /* Supporting Files */ = {
			isa = PBXGroup;
			children = (
				26348ECA1DF2E5A40037E219 /* main.m */,
			);
			name = "Supporting Files";
			sourceTree = "<group>";
		};
		26348EE31DF2E5D20037E219 /* 智能时间选择器 */ = {
			isa = PBXGroup;
			children = (
				26348EE01DF2E5C10037E219 /* TimeStageSelectWindow.h */,
				26348EE11DF2E5C10037E219 /* TimeStageSelectWindow.m */,
			);
			name = "智能时间选择器";
			sourceTree = "<group>";
		};
		26348EE41DF2E5E80037E219 /* 购物车及商品 */ = {
			isa = PBXGroup;
			children = (
				26348EFD1DF2E6840037E219 /* NSObject+Color.h */,
				26348EFE1DF2E6840037E219 /* NSObject+Color.m */,
				26348EE51DF2E6530037E219 /* TableViewHeaderView.h */,
				26348EE61DF2E6530037E219 /* TableViewHeaderView.m */,
				26348EE71DF2E6530037E219 /* LeftTableViewCell.h */,
				26348EE81DF2E6530037E219 /* LeftTableViewCell.m */,
				26348EE91DF2E6530037E219 /* RightTableViewCell.h */,
				26348EEA1DF2E6530037E219 /* RightTableViewCell.m */,
				26348EEB1DF2E6530037E219 /* CategoryModel.h */,
				26348EEC1DF2E6530037E219 /* CategoryModel.m */,
				26348EED1DF2E6530037E219 /* SigleModel.h */,
				26348EEE1DF2E6530037E219 /* SigleModel.m */,
				26348EEF1DF2E6530037E219 /* FoodModel.h */,
				26348EF01DF2E6530037E219 /* FoodModel.m */,
				26348EF11DF2E6530037E219 /* ShoppingCarPopView.h */,
				26348EF21DF2E6530037E219 /* ShoppingCarPopView.m */,
				26348EF31DF2E6530037E219 /* ShoppingCarcell.h */,
				26348EF41DF2E6530037E219 /* ShoppingCarcell.m */,
			);
			name = "购物车及商品";
			sourceTree = "<group>";
		};
/* End PBXGroup section */

/* Begin PBXNativeTarget section */
		26348EC51DF2E5A40037E219 /* Demo */ = {
			isa = PBXNativeTarget;
			buildConfigurationList = 26348EDD1DF2E5A40037E219 /* Build configuration list for PBXNativeTarget "Demo" */;
			buildPhases = (
				26348EC21DF2E5A40037E219 /* Sources */,
				26348EC31DF2E5A40037E219 /* Frameworks */,
				26348EC41DF2E5A40037E219 /* Resources */,
			);
			buildRules = (
			);
			dependencies = (
			);
			name = Demo;
			productName = Demo;
			productReference = 26348EC61DF2E5A40037E219 /* Demo.app */;
			productType = "com.apple.product-type.application";
		};
/* End PBXNativeTarget section */

/* Begin PBXProject section */
		26348EBE1DF2E5A40037E219 /* Project object */ = {
			isa = PBXProject;
			attributes = {
				LastUpgradeCheck = 0810;
				ORGANIZATIONNAME = "杭州信使网络科技";
				TargetAttributes = {
					26348EC51DF2E5A40037E219 = {
						CreatedOnToolsVersion = 8.1;
						DevelopmentTeam = WZVNT4AWYH;
						ProvisioningStyle = Automatic;
					};
				};
			};
			buildConfigurationList = 26348EC11DF2E5A40037E219 /* Build configuration list for PBXProject "Demo" */;
			compatibilityVersion = "Xcode 3.2";
			developmentRegion = English;
			hasScannedForEncodings = 0;
			knownRegions = (
				en,
				Base,
			);
			mainGroup = 26348EBD1DF2E5A40037E219;
			productRefGroup = 26348EC71DF2E5A40037E219 /* Products */;
			projectDirPath = "";
			projectRoot = "";
			targets = (
				26348EC51DF2E5A40037E219 /* Demo */,
			);
		};
/* End PBXProject section */

/* Begin PBXResourcesBuildPhase section */
		26348EC41DF2E5A40037E219 /* Resources */ = {
			isa = PBXResourcesBuildPhase;
			buildActionMask = 2147483647;
			files = (
				26348ED91DF2E5A40037E219 /* LaunchScreen.storyboard in Resources */,
				26348ED61DF2E5A40037E219 /* Assets.xcassets in Resources */,
				26348ED41DF2E5A40037E219 /* Main.storyboard in Resources */,
			);
			runOnlyForDeploymentPostprocessing = 0;
		};
/* End PBXResourcesBuildPhase section */

/* Begin PBXSourcesBuildPhase section */
		26348EC21DF2E5A40037E219 /* Sources */ = {
			isa = PBXSourcesBuildPhase;
			buildActionMask = 2147483647;
			files = (
				26348ED11DF2E5A40037E219 /* ViewController.m in Sources */,
				26348EF91DF2E6530037E219 /* SigleModel.m in Sources */,
				26348EF81DF2E6530037E219 /* CategoryModel.m in Sources */,
				26348EF51DF2E6530037E219 /* TableViewHeaderView.m in Sources */,
				26348EF61DF2E6530037E219 /* LeftTableViewCell.m in Sources */,
				26348EE21DF2E5C10037E219 /* TimeStageSelectWindow.m in Sources */,
				26348EFB1DF2E6530037E219 /* ShoppingCarPopView.m in Sources */,
				26348EF71DF2E6530037E219 /* RightTableViewCell.m in Sources */,
				26348EFF1DF2E6840037E219 /* NSObject+Color.m in Sources */,
				26348ECE1DF2E5A40037E219 /* AppDelegate.m in Sources */,
				26348ECB1DF2E5A40037E219 /* main.m in Sources */,
				26348EFC1DF2E6530037E219 /* ShoppingCarcell.m in Sources */,
				26348EFA1DF2E6530037E219 /* FoodModel.m in Sources */,
			);
			runOnlyForDeploymentPostprocessing = 0;
		};
/* End PBXSourcesBuildPhase section */

/* Begin PBXVariantGroup section */
		26348ED21DF2E5A40037E219 /* Main.storyboard */ = {
			isa = PBXVariantGroup;
			children = (
				26348ED31DF2E5A40037E219 /* Base */,
			);
			name = Main.storyboard;
			sourceTree = "<group>";
		};
		26348ED71DF2E5A40037E219 /* LaunchScreen.storyboard */ = {
			isa = PBXVariantGroup;
			children = (
				26348ED81DF2E5A40037E219 /* Base */,
			);
			name = LaunchScreen.storyboard;
			sourceTree = "<group>";
		};
/* End PBXVariantGroup section */

/* Begin XCBuildConfiguration section */
		26348EDB1DF2E5A40037E219 /* Debug */ = {
			isa = XCBuildConfiguration;
			buildSettings = {
				ALWAYS_SEARCH_USER_PATHS = NO;
				CLANG_ANALYZER_NONNULL = YES;
				CLANG_CXX_LANGUAGE_STANDARD = "gnu++0x";
				CLANG_CXX_LIBRARY = "libc++";
				CLANG_ENABLE_MODULES = YES;
				CLANG_ENABLE_OBJC_ARC = YES;
				CLANG_WARN_BOOL_CONVERSION = YES;
				CLANG_WARN_CONSTANT_CONVERSION = YES;
				CLANG_WARN_DIRECT_OBJC_ISA_USAGE = YES_ERROR;
				CLANG_WARN_DOCUMENTATION_COMMENTS = YES;
				CLANG_WARN_EMPTY_BODY = YES;
				CLANG_WARN_ENUM_CONVERSION = YES;
				CLANG_WARN_INFINITE_RECURSION = YES;
				CLANG_WARN_INT_CONVERSION = YES;
				CLANG_WARN_OBJC_ROOT_CLASS = YES_ERROR;
				CLANG_WARN_SUSPICIOUS_MOVES = YES;
				CLANG_WARN_UNREACHABLE_CODE = YES;
				CLANG_WARN__DUPLICATE_METHOD_MATCH = YES;
				"CODE_SIGN_IDENTITY[sdk=iphoneos*]" = "iPhone Developer";
				COPY_PHASE_STRIP = NO;
				DEBUG_INFORMATION_FORMAT = dwarf;
				ENABLE_STRICT_OBJC_MSGSEND = YES;
				ENABLE_TESTABILITY = YES;
				GCC_C_LANGUAGE_STANDARD = gnu99;
				GCC_DYNAMIC_NO_PIC = NO;
				GCC_NO_COMMON_BLOCKS = YES;
				GCC_OPTIMIZATION_LEVEL = 0;
				GCC_PREPROCESSOR_DEFINITIONS = (
					"DEBUG=1",
					"$(inherited)",
				);
				GCC_WARN_64_TO_32_BIT_CONVERSION = YES;
				GCC_WARN_ABOUT_RETURN_TYPE = YES_ERROR;
				GCC_WARN_UNDECLARED_SELECTOR = YES;
				GCC_WARN_UNINITIALIZED_AUTOS = YES_AGGRESSIVE;
				GCC_WARN_UNUSED_FUNCTION = YES;
				GCC_WARN_UNUSED_VARIABLE = YES;
				IPHONEOS_DEPLOYMENT_TARGET = 10.1;
				MTL_ENABLE_DEBUG_INFO = YES;
				ONLY_ACTIVE_ARCH = YES;
				SDKROOT = iphoneos;
			};
			name = Debug;
		};
		26348EDC1DF2E5A40037E219 /* Release */ = {
			isa = XCBuildConfiguration;
			buildSettings = {
				ALWAYS_SEARCH_USER_PATHS = NO;
				CLANG_ANALYZER_NONNULL = YES;
				CLANG_CXX_LANGUAGE_STANDARD = "gnu++0x";
				CLANG_CXX_LIBRARY = "libc++";
				CLANG_ENABLE_MODULES = YES;
				CLANG_ENABLE_OBJC_ARC = YES;
				CLANG_WARN_BOOL_CONVERSION = YES;
				CLANG_WARN_CONSTANT_CONVERSION = YES;
				CLANG_WARN_DIRECT_OBJC_ISA_USAGE = YES_ERROR;
				CLANG_WARN_DOCUMENTATION_COMMENTS = YES;
				CLANG_WARN_EMPTY_BODY = YES;
				CLANG_WARN_ENUM_CONVERSION = YES;
				CLANG_WARN_INFINITE_RECURSION = YES;
				CLANG_WARN_INT_CONVERSION = YES;
				CLANG_WARN_OBJC_ROOT_CLASS = YES_ERROR;
				CLANG_WARN_SUSPICIOUS_MOVES = YES;
				CLANG_WARN_UNREACHABLE_CODE = YES;
				CLANG_WARN__DUPLICATE_METHOD_MATCH = YES;
				"CODE_SIGN_IDENTITY[sdk=iphoneos*]" = "iPhone Developer";
				COPY_PHASE_STRIP = NO;
				DEBUG_INFORMATION_FORMAT = "dwarf-with-dsym";
				ENABLE_NS_ASSERTIONS = NO;
				ENABLE_STRICT_OBJC_MSGSEND = YES;
				GCC_C_LANGUAGE_STANDARD = gnu99;
				GCC_NO_COMMON_BLOCKS = YES;
				GCC_WARN_64_TO_32_BIT_CONVERSION = YES;
				GCC_WARN_ABOUT_RETURN_TYPE = YES_ERROR;
				GCC_WARN_UNDECLARED_SELECTOR = YES;
				GCC_WARN_UNINITIALIZED_AUTOS = YES_AGGRESSIVE;
				GCC_WARN_UNUSED_FUNCTION = YES;
				GCC_WARN_UNUSED_VARIABLE = YES;
				IPHONEOS_DEPLOYMENT_TARGET = 10.1;
				MTL_ENABLE_DEBUG_INFO = NO;
				SDKROOT = iphoneos;
				VALIDATE_PRODUCT = YES;
			};
			name = Release;
		};
		26348EDE1DF2E5A40037E219 /* Debug */ = {
			isa = XCBuildConfiguration;
			buildSettings = {
				ASSETCATALOG_COMPILER_APPICON_NAME = AppIcon;
				DEVELOPMENT_TEAM = WZVNT4AWYH;
				INFOPLIST_FILE = Demo/Info.plist;
				LD_RUNPATH_SEARCH_PATHS = "$(inherited) @executable_path/Frameworks";
				PRODUCT_BUNDLE_IDENTIFIER = com.ataw.www.Demo;
				PRODUCT_NAME = "$(TARGET_NAME)";
			};
			name = Debug;
		};
		26348EDF1DF2E5A40037E219 /* Release */ = {
			isa = XCBuildConfiguration;
			buildSettings = {
				ASSETCATALOG_COMPILER_APPICON_NAME = AppIcon;
				DEVELOPMENT_TEAM = WZVNT4AWYH;
				INFOPLIST_FILE = Demo/Info.plist;
				LD_RUNPATH_SEARCH_PATHS = "$(inherited) @executable_path/Frameworks";
				PRODUCT_BUNDLE_IDENTIFIER = com.ataw.www.Demo;
				PRODUCT_NAME = "$(TARGET_NAME)";
			};
			name = Release;
		};
/* End XCBuildConfiguration section */

/* Begin XCConfigurationList section */
		26348EC11DF2E5A40037E219 /* Build configuration list for PBXProject "Demo" */ = {
			isa = XCConfigurationList;
			buildConfigurations = (
				26348EDB1DF2E5A40037E219 /* Debug */,
				26348EDC1DF2E5A40037E219 /* Release */,
			);
			defaultConfigurationIsVisible = 0;
			defaultConfigurationName = Release;
		};
		26348EDD1DF2E5A40037E219 /* Build configuration list for PBXNativeTarget "Demo" */ = {
			isa = XCConfigurationList;
			buildConfigurations = (
				26348EDE1DF2E5A40037E219 /* Debug */,
				26348EDF1DF2E5A40037E219 /* Release */,
			);
			defaultConfigurationIsVisible = 0;
		};
/* End XCConfigurationList section */
	};
	rootObject = 26348EBE1DF2E5A40037E219 /* Project object */;
}
